
Microsoft Visual Studio Solution File, Format Version 12.00
# Visual Studio 15
VisualStudioVersion = 15.0.27428.2043
MinimumVisualStudioVersion = 10.0.40219.1
Project("{FAE04EC0-301F-11D3-BF4B-00C04F79EFBC}") = "TodoListServiceMT", "TodoListServiceMT\TodoListServiceMT.csproj", "{5D5442E2-63F1-493A-AEC1-72C0E5B9523B}"
EndProject
Project("{FAE04EC0-301F-11D3-BF4B-00C04F79EFBC}") = "TodoListClient", "TodoListClient\TodoListClient.csproj", "{0E6570DC-B779-4F2E-B145-9442DFA9E070}"
EndProject
Global
	GlobalSection(SolutionConfigurationPlatforms) = preSolution
		Debug|Any CPU = Debug|Any CPU
		Debug|ARM = Debug|ARM
		Debug|x64 = Debug|x64
		Debug|x86 = Debug|x86
		Release|Any CPU = Release|Any CPU
		Release|ARM = Release|ARM
		Release|x64 = Release|x64
		Release|x86 = Release|x86
	EndGlobalSection
	GlobalSection(ProjectConfigurationPlatforms) = postSolution
		{5D5442E2-63F1-493A-AEC1-72C0E5B9523B}.Debug|Any CPU.ActiveCfg = Debug|Any CPU
		{5D5442E2-63F1-493A-AEC1-72C0E5B9523B}.Debug|Any CPU.Build.0 = Debug|Any CPU
		{5D5442E2-63F1-493A-AEC1-72C0E5B9523B}.Debug|ARM.ActiveCfg = Debug|Any CPU
		{5D5442E2-63F1-493A-AEC1-72C0E5B9523B}.Debug|x64.ActiveCfg = Debug|Any CPU
		{5D5442E2-63F1-493A-AEC1-72C0E5B9523B}.Debug|x86.ActiveCfg = Debug|Any CPU
		{5D5442E2-63F1-493A-AEC1-72C0E5B9523B}.Release|Any CPU.ActiveCfg = Release|Any CPU
		{5D5442E2-63F1-493A-AEC1-72C0E5B9523B}.Release|Any CPU.Build.0 = Release|Any CPU
		{5D5442E2-63F1-493A-AEC1-72C0E5B9523B}.Release|ARM.ActiveCfg = Release|Any CPU
		{5D5442E2-63F1-493A-AEC1-72C0E5B9523B}.Release|x64.ActiveCfg = Release|Any CPU
		{5D5442E2-63F1-493A-AEC1-72C0E5B9523B}.Release|x86.ActiveCfg = Release|Any CPU
		{0E6570DC-B779-4F2E-B145-9442DFA9E070}.Debug|Any CPU.ActiveCfg = Debug|x86
		{0E6570DC-B779-4F2E-B145-9442DFA9E070}.Debug|ARM.ActiveCfg = Debug|ARM
		{0E6570DC-B779-4F2E-B145-9442DFA9E070}.Debug|ARM.Build.0 = Debug|ARM
		{0E6570DC-B779-4F2E-B145-9442DFA9E070}.Debug|ARM.Deploy.0 = Debug|ARM
		{0E6570DC-B779-4F2E-B145-9442DFA9E070}.Debug|x64.ActiveCfg = Debug|x64
		{0E6570DC-B779-4F2E-B145-9442DFA9E070}.Debug|x64.Build.0 = Debug|x64
		{0E6570DC-B779-4F2E-B145-9442DFA9E070}.Debug|x64.Deploy.0 = Debug|x64
		{0E6570DC-B779-4F2E-B145-9442DFA9E070}.Debug|x86.ActiveCfg = Debug|x86
		{0E6570DC-B779-4F2E-B145-9442DFA9E070}.Debug|x86.Build.0 = Debug|x86
		{0E6570DC-B779-4F2E-B145-9442DFA9E070}.Debug|x86.Deploy.0 = Debug|x86
		{0E6570DC-B779-4F2E-B145-9442DFA9E070}.Release|Any CPU.ActiveCfg = Release|x86
		{0E6570DC-B779-4F2E-B145-9442DFA9E070}.Release|ARM.ActiveCfg = Release|ARM
		{0E6570DC-B779-4F2E-B145-9442DFA9E070}.Release|ARM.Build.0 = Release|ARM
		{0E6570DC-B779-4F2E-B145-9442DFA9E070}.Release|ARM.Deploy.0 = Release|ARM
		{0E6570DC-B779-4F2E-B145-9442DFA9E070}.Release|x64.ActiveCfg = Release|x64
		{0E6570DC-B779-4F2E-B145-9442DFA9E070}.Release|x64.Build.0 = Release|x64
		{0E6570DC-B779-4F2E-B145-9442DFA9E070}.Release|x64.Deploy.0 = Release|x64
		{0E6570DC-B779-4F2E-B145-9442DFA9E070}.Release|x86.ActiveCfg = Release|x86
		{0E6570DC-B779-4F2E-B145-9442DFA9E070}.Release|x86.Build.0 = Release|x86
		{0E6570DC-B779-4F2E-B145-9442DFA9E070}.Release|x86.Deploy.0 = Release|x86
	EndGlobalSection
	GlobalSection(SolutionProperties) = preSolution
		HideSolutionNode = FALSE
	EndGlobalSection
EndGlobal
